
Microsoft Visual Studio Solution File, Format Version 12.00
# Visual Studio Version 17
VisualStudioVersion = 17.0.32014.148
MinimumVisualStudioVersion = 10.0.40219.1
Project("{FAE04EC0-301F-11D3-BF4B-00C04F79EFBC}") = "CarInheritance", "CarInheritance\CarInheritance.csproj", "{BC7275AD-6207-438F-8982-9D97BD65036C}"
EndProject
Global
	GlobalSection(SolutionConfigurationPlatforms) = preSolution
		Debug|Any CPU = Debug|Any CPU
		Release|Any CPU = Release|Any CPU
	EndGlobalSection
	GlobalSection(ProjectConfigurationPlatforms) = postSolution
		{BC7275AD-6207-438F-8982-9D97BD65036C}.Debug|Any CPU.ActiveCfg = Debug|Any CPU
		{BC7275AD-6207-438F-8982-9D97BD65036C}.Debug|Any CPU.Build.0 = Debug|Any CPU
		{BC7275AD-6207-438F-8982-9D97BD65036C}.Release|Any CPU.ActiveCfg = Release|Any CPU
		{BC7275AD-6207-438F-8982-9D97BD65036C}.Release|Any CPU.Build.0 = Release|Any CPU
	EndGlobalSection
	GlobalSection(SolutionProperties) = preSolution
		HideSolutionNode = FALSE
	EndGlobalSection
	GlobalSection(ExtensibilityGlobals) = postSolution
		SolutionGuid = {9596951D-140C-42AA-B600-DEDBC1762E56}
	EndGlobalSection
EndGlobal
